// !$*UTF8*$!
{
	archiveVersion = 1;
	classes = {
	};
	objectVersion = 50;
	objects = {

/* Begin PBXBuildFile section */
		6A840BCE25659C3800A81B66 /* OrderListView.swift in Sources */ = {isa = PBXBuildFile; fileRef = 6A840BCD25659C3700A81B66 /* OrderListView.swift */; };
		6A840BD125659D1500A81B66 /* MenuListView.swift in Sources */ = {isa = PBXBuildFile; fileRef = 6A840BD025659D1500A81B66 /* MenuListView.swift */; };
		6A840BD425659E3D00A81B66 /* ContectHeaderView.swift in Sources */ = {isa = PBXBuildFile; fileRef = 6A840BD325659E3D00A81B66 /* ContectHeaderView.swift */; };
		6AF267F72561E7B500170171 /* AppDelegate.swift in Sources */ = {isa = PBXBuildFile; fileRef = 6AF267F62561E7B500170171 /* AppDelegate.swift */; };
		6AF267F92561E7B500170171 /* SceneDelegate.swift in Sources */ = {isa = PBXBuildFile; fileRef = 6AF267F82561E7B500170171 /* SceneDelegate.swift */; };
		6AF267FB2561E7B500170171 /* ContentView.swift in Sources */ = {isa = PBXBuildFile; fileRef = 6AF267FA2561E7B500170171 /* ContentView.swift */; };
		6AF267FE2561E7B500170171 /* SwiftUITest.xcdatamodeld in Sources */ = {isa = PBXBuildFile; fileRef = 6AF267FC2561E7B500170171 /* SwiftUITest.xcdatamodeld */; };
		6AF268002561E7B700170171 /* Assets.xcassets in Resources */ = {isa = PBXBuildFile; fileRef = 6AF267FF2561E7B700170171 /* Assets.xcassets */; };
		6AF268032561E7B700170171 /* Preview Assets.xcassets in Resources */ = {isa = PBXBuildFile; fileRef = 6AF268022561E7B700170171 /* Preview Assets.xcassets */; };
		6AF268062561E7B700170171 /* LaunchScreen.storyboard in Resources */ = {isa = PBXBuildFile; fileRef = 6AF268042561E7B700170171 /* LaunchScreen.storyboard */; };
/* End PBXBuildFile section */

/* Begin PBXFileReference section */
		6A840BCD25659C3700A81B66 /* OrderListView.swift */ = {isa = PBXFileReference; lastKnownFileType = sourcecode.swift; path = OrderListView.swift; sourceTree = "<group>"; };
		6A840BD025659D1500A81B66 /* MenuListView.swift */ = {isa = PBXFileReference; lastKnownFileType = sourcecode.swift; path = MenuListView.swift; sourceTree = "<group>"; };
		6A840BD325659E3D00A81B66 /* ContectHeaderView.swift */ = {isa = PBXFileReference; lastKnownFileType = sourcecode.swift; path = ContectHeaderView.swift; sourceTree = "<group>"; };
		6AF267F32561E7B500170171 /* SwiftUITest.app */ = {isa = PBXFileReference; explicitFileType = wrapper.application; includeInIndex = 0; path = SwiftUITest.app; sourceTree = BUILT_PRODUCTS_DIR; };
		6AF267F62561E7B500170171 /* AppDelegate.swift */ = {isa = PBXFileReference; lastKnownFileType = sourcecode.swift; path = AppDelegate.swift; sourceTree = "<group>"; };
		6AF267F82561E7B500170171 /* SceneDelegate.swift */ = {isa = PBXFileReference; lastKnownFileType = sourcecode.swift; path = SceneDelegate.swift; sourceTree = "<group>"; };
		6AF267FA2561E7B500170171 /* ContentView.swift */ = {isa = PBXFileReference; lastKnownFileType = sourcecode.swift; path = ContentView.swift; sourceTree = "<group>"; };
		6AF267FD2561E7B500170171 /* SwiftUITest.xcdatamodel */ = {isa = PBXFileReference; lastKnownFileType = wrapper.xcdatamodel; path = SwiftUITest.xcdatamodel; sourceTree = "<group>"; };
		6AF267FF2561E7B700170171 /* Assets.xcassets */ = {isa = PBXFileReference; lastKnownFileType = folder.assetcatalog; path = Assets.xcassets; sourceTree = "<group>"; };
		6AF268022561E7B700170171 /* Preview Assets.xcassets */ = {isa = PBXFileReference; lastKnownFileType = folder.assetcatalog; path = "Preview Assets.xcassets"; sourceTree = "<group>"; };
		6AF268052561E7B700170171 /* Base */ = {isa = PBXFileReference; lastKnownFileType = file.storyboard; name = Base; path = Base.lproj/LaunchScreen.storyboard; sourceTree = "<group>"; };
		6AF268072561E7B700170171 /* Info.plist */ = {isa = PBXFileReference; lastKnownFileType = text.plist.xml; path = Info.plist; sourceTree = "<group>"; };
/* End PBXFileReference section */

/* Begin PBXFrameworksBuildPhase section */
		6AF267F02561E7B400170171 /* Frameworks */ = {
			isa = PBXFrameworksBuildPhase;
			buildActionMask = 2147483647;
			files = (
			);
			runOnlyForDeploymentPostprocessing = 0;
		};
/* End PBXFrameworksBuildPhase section */

/* Begin PBXGroup section */
		6AF267EA2561E7B400170171 = {
			isa = PBXGroup;
			children = (
				6AF267F52561E7B500170171 /* SwiftUITest */,
				6AF267F42561E7B500170171 /* Products */,
			);
			sourceTree = "<group>";
		};
		6AF267F42561E7B500170171 /* Products */ = {
			isa = PBXGroup;
			children = (
				6AF267F32561E7B500170171 /* SwiftUITest.app */,
			);
			name = Products;
			sourceTree = "<group>";
		};
		6AF267F52561E7B500170171 /* SwiftUITest */ = {
			isa = PBXGroup;
			children = (
				6AF267F62561E7B500170171 /* AppDelegate.swift */,
				6AF267F82561E7B500170171 /* SceneDelegate.swift */,
				6AF267FA2561E7B500170171 /* ContentView.swift */,
				6A840BD325659E3D00A81B66 /* ContectHeaderView.swift */,
				6A840BD025659D1500A81B66 /* MenuListView.swift */,
				6A840BCD25659C3700A81B66 /* OrderListView.swift */,
				6AF267FF2561E7B700170171 /* Assets.xcassets */,
				6AF268042561E7B700170171 /* LaunchScreen.storyboard */,
				6AF268072561E7B700170171 /* Info.plist */,
				6AF267FC2561E7B500170171 /* SwiftUITest.xcdatamodeld */,
				6AF268012561E7B700170171 /* Preview Content */,
			);
			path = SwiftUITest;
			sourceTree = "<group>";
		};
		6AF268012561E7B700170171 /* Preview Content */ = {
			isa = PBXGroup;
			children = (
				6AF268022561E7B700170171 /* Preview Assets.xcassets */,
			);
			path = "Preview Content";
			sourceTree = "<group>";
		};
/* End PBXGroup section */

/* Begin PBXNativeTarget section */
		6AF267F22561E7B400170171 /* SwiftUITest */ = {
			isa = PBXNativeTarget;
			buildConfigurationList = 6AF2680A2561E7B700170171 /* Build configuration list for PBXNativeTarget "SwiftUITest" */;
			buildPhases = (
				6AF267EF2561E7B400170171 /* Sources */,
				6AF267F02561E7B400170171 /* Frameworks */,
				6AF267F12561E7B400170171 /* Resources */,
			);
			buildRules = (
			);
			dependencies = (
			);
			name = SwiftUITest;
			productName = SwiftUITest;
			productReference = 6AF267F32561E7B500170171 /* SwiftUITest.app */;
			productType = "com.apple.product-type.application";
		};
/* End PBXNativeTarget section */

/* Begin PBXProject section */
		6AF267EB2561E7B400170171 /* Project object */ = {
			isa = PBXProject;
			attributes = {
				LastSwiftUpdateCheck = 1210;
				LastUpgradeCheck = 1210;
				TargetAttributes = {
					6AF267F22561E7B400170171 = {
						CreatedOnToolsVersion = 12.1;
					};
				};
			};
			buildConfigurationList = 6AF267EE2561E7B400170171 /* Build configuration list for PBXProject "SwiftUITest" */;
			compatibilityVersion = "Xcode 9.3";
			developmentRegion = en;
			hasScannedForEncodings = 0;
			knownRegions = (
				en,
				Base,
			);
			mainGroup = 6AF267EA2561E7B400170171;
			productRefGroup = 6AF267F42561E7B500170171 /* Products */;
			projectDirPath = "";
			projectRoot = "";
			targets = (
				6AF267F22561E7B400170171 /* SwiftUITest */,
			);
		};
/* End PBXProject section */

/* Begin PBXResourcesBuildPhase section */
		6AF267F12561E7B400170171 /* Resources */ = {
			isa = PBXResourcesBuildPhase;
			buildActionMask = 2147483647;
			files = (
				6AF268062561E7B700170171 /* LaunchScreen.storyboard in Resources */,
				6AF268032561E7B700170171 /* Preview Assets.xcassets in Resources */,
				6AF268002561E7B700170171 /* Assets.xcassets in Resources */,
			);
			runOnlyForDeploymentPostprocessing = 0;
		};
/* End PBXResourcesBuildPhase section */

/* Begin PBXSourcesBuildPhase section */
		6AF267EF2561E7B400170171 /* Sources */ = {
			isa = PBXSourcesBuildPhase;
			buildActionMask = 2147483647;
			files = (
				6AF267F72561E7B500170171 /* AppDelegate.swift in Sources */,
				6A840BD125659D1500A81B66 /* MenuListView.swift in Sources */,
				6AF267F92561E7B500170171 /* SceneDelegate.swift in Sources */,
				6AF267FB2561E7B500170171 /* ContentView.swift in Sources */,
				6AF267FE2561E7B500170171 /* SwiftUITest.xcdatamodeld in Sources */,
				6A840BD425659E3D00A81B66 /* ContectHeaderView.swift in Sources */,
				6A840BCE25659C3800A81B66 /* OrderListView.swift in Sources */,
			);
			runOnlyForDeploymentPostprocessing = 0;
		};
/* End PBXSourcesBuildPhase section */

/* Begin PBXVariantGroup section */
		6AF268042561E7B700170171 /* LaunchScreen.storyboard */ = {
			isa = PBXVariantGroup;
			children = (
				6AF268052561E7B700170171 /* Base */,
			);
			name = LaunchScreen.storyboard;
			sourceTree = "<group>";
		};
/* End PBXVariantGroup section */

/* Begin XCBuildConfiguration section */
		6AF268082561E7B700170171 /* Debug */ = {
			isa = XCBuildConfiguration;
			buildSettings = {
				ALWAYS_SEARCH_USER_PATHS = NO;
				CLANG_ANALYZER_NONNULL = YES;
				CLANG_ANALYZER_NUMBER_OBJECT_CONVERSION = YES_AGGRESSIVE;
				CLANG_CXX_LANGUAGE_STANDARD = "gnu++14";
				CLANG_CXX_LIBRARY = "libc++";
				CLANG_ENABLE_MODULES = YES;
				CLANG_ENABLE_OBJC_ARC = YES;
				CLANG_ENABLE_OBJC_WEAK = YES;
				CLANG_WARN_BLOCK_CAPTURE_AUTORELEASING = YES;
				CLANG_WARN_BOOL_CONVERSION = YES;
				CLANG_WARN_COMMA = YES;
				CLANG_WARN_CONSTANT_CONVERSION = YES;
				CLANG_WARN_DEPRECATED_OBJC_IMPLEMENTATIONS = YES;
				CLANG_WARN_DIRECT_OBJC_ISA_USAGE = YES_ERROR;
				CLANG_WARN_DOCUMENTATION_COMMENTS = YES;
				CLANG_WARN_EMPTY_BODY = YES;
				CLANG_WARN_ENUM_CONVERSION = YES;
				CLANG_WARN_INFINITE_RECURSION = YES;
				CLANG_WARN_INT_CONVERSION = YES;
				CLANG_WARN_NON_LITERAL_NULL_CONVERSION = YES;
				CLANG_WARN_OBJC_IMPLICIT_RETAIN_SELF = YES;
				CLANG_WARN_OBJC_LITERAL_CONVERSION = YES;
				CLANG_WARN_OBJC_ROOT_CLASS = YES_ERROR;
				CLANG_WARN_QUOTED_INCLUDE_IN_FRAMEWORK_HEADER = YES;
				CLANG_WARN_RANGE_LOOP_ANALYSIS = YES;
				CLANG_WARN_STRICT_PROTOTYPES = YES;
				CLANG_WARN_SUSPICIOUS_MOVE = YES;
				CLANG_WARN_UNGUARDED_AVAILABILITY = YES_AGGRESSIVE;
				CLANG_WARN_UNREACHABLE_CODE = YES;
				CLANG_WARN__DUPLICATE_METHOD_MATCH = YES;
				COPY_PHASE_STRIP = NO;
				DEBUG_INFORMATION_FORMAT = dwarf;
				ENABLE_STRICT_OBJC_MSGSEND = YES;
				ENABLE_TESTABILITY = YES;
				GCC_C_LANGUAGE_STANDARD = gnu11;
				GCC_DYNAMIC_NO_PIC = NO;
				GCC_NO_COMMON_BLOCKS = YES;
				GCC_OPTIMIZATION_LEVEL = 0;
				GCC_PREPROCESSOR_DEFINITIONS = (
					"DEBUG=1",
					"$(inherited)",
				);
				GCC_WARN_64_TO_32_BIT_CONVERSION = YES;
				GCC_WARN_ABOUT_RETURN_TYPE = YES_ERROR;
				GCC_WARN_UNDECLARED_SELECTOR = YES;
				GCC_WARN_UNINITIALIZED_AUTOS = YES_AGGRESSIVE;
				GCC_WARN_UNUSED_FUNCTION = YES;
				GCC_WARN_UNUSED_VARIABLE = YES;
				IPHONEOS_DEPLOYMENT_TARGET = 14.1;
				MTL_ENABLE_DEBUG_INFO = INCLUDE_SOURCE;
				MTL_FAST_MATH = YES;
				ONLY_ACTIVE_ARCH = YES;
				SDKROOT = iphoneos;
				SWIFT_ACTIVE_COMPILATION_CONDITIONS = DEBUG;
				SWIFT_OPTIMIZATION_LEVEL = "-Onone";
			};
			name = Debug;
		};
		6AF268092561E7B700170171 /* Release */ = {
			isa = XCBuildConfiguration;
			buildSettings = {
				ALWAYS_SEARCH_USER_PATHS = NO;
				CLANG_ANALYZER_NONNULL = YES;
				CLANG_ANALYZER_NUMBER_OBJECT_CONVERSION = YES_AGGRESSIVE;
				CLANG_CXX_LANGUAGE_STANDARD = "gnu++14";
				CLANG_CXX_LIBRARY = "libc++";
				CLANG_ENABLE_MODULES = YES;
				CLANG_ENABLE_OBJC_ARC = YES;
				CLANG_ENABLE_OBJC_WEAK = YES;
				CLANG_WARN_BLOCK_CAPTURE_AUTORELEASING = YES;
				CLANG_WARN_BOOL_CONVERSION = YES;
				CLANG_WARN_COMMA = YES;
				CLANG_WARN_CONSTANT_CONVERSION = YES;
				CLANG_WARN_DEPRECATED_OBJC_IMPLEMENTATIONS = YES;
				CLANG_WARN_DIRECT_OBJC_ISA_USAGE = YES_ERROR;
				CLANG_WARN_DOCUMENTATION_COMMENTS = YES;
				CLANG_WARN_EMPTY_BODY = YES;
				CLANG_WARN_ENUM_CONVERSION = YES;
				CLANG_WARN_INFINITE_RECURSION = YES;
				CLANG_WARN_INT_CONVERSION = YES;
				CLANG_WARN_NON_LITERAL_NULL_CONVERSION = YES;
				CLANG_WARN_OBJC_IMPLICIT_RETAIN_SELF = YES;
				CLANG_WARN_OBJC_LITERAL_CONVERSION = YES;
				CLANG_WARN_OBJC_ROOT_CLASS = YES_ERROR;
				CLANG_WARN_QUOTED_INCLUDE_IN_FRAMEWORK_HEADER = YES;
				CLANG_WARN_RANGE_LOOP_ANALYSIS = YES;
				CLANG_WARN_STRICT_PROTOTYPES = YES;
				CLANG_WARN_SUSPICIOUS_MOVE = YES;
				CLANG_WARN_UNGUARDED_AVAILABILITY = YES_AGGRESSIVE;
				CLANG_WARN_UNREACHABLE_CODE = YES;
				CLANG_WARN__DUPLICATE_METHOD_MATCH = YES;
				COPY_PHASE_STRIP = NO;
				DEBUG_INFORMATION_FORMAT = "dwarf-with-dsym";
				ENABLE_NS_ASSERTIONS = NO;
				ENABLE_STRICT_OBJC_MSGSEND = YES;
				GCC_C_LANGUAGE_STANDARD = gnu11;
				GCC_NO_COMMON_BLOCKS = YES;
				GCC_WARN_64_TO_32_BIT_CONVERSION = YES;
				GCC_WARN_ABOUT_RETURN_TYPE = YES_ERROR;
				GCC_WARN_UNDECLARED_SELECTOR = YES;
				GCC_WARN_UNINITIALIZED_AUTOS = YES_AGGRESSIVE;
				GCC_WARN_UNUSED_FUNCTION = YES;
				GCC_WARN_UNUSED_VARIABLE = YES;
				IPHONEOS_DEPLOYMENT_TARGET = 14.1;
				MTL_ENABLE_DEBUG_INFO = NO;
				MTL_FAST_MATH = YES;
				SDKROOT = iphoneos;
				SWIFT_COMPILATION_MODE = wholemodule;
				SWIFT_OPTIMIZATION_LEVEL = "-O";
				VALIDATE_PRODUCT = YES;
			};
			name = Release;
		};
		6AF2680B2561E7B700170171 /* Debug */ = {
			isa = XCBuildConfiguration;
			buildSettings = {
				ASSETCATALOG_COMPILER_APPICON_NAME = AppIcon;
				ASSETCATALOG_COMPILER_GLOBAL_ACCENT_COLOR_NAME = AccentColor;
				CODE_SIGN_STYLE = Automatic;
				DEVELOPMENT_ASSET_PATHS = "\"SwiftUITest/Preview Content\"";
				DEVELOPMENT_TEAM = CVH85UHVWD;
				ENABLE_PREVIEWS = YES;
				INFOPLIST_FILE = SwiftUITest/Info.plist;
				LD_RUNPATH_SEARCH_PATHS = (
					"$(inherited)",
					"@executable_path/Frameworks",
				);
				PRODUCT_BUNDLE_IDENTIFIER = georgi.malkhasyan.HealthyPost.SwiftUITest;
				PRODUCT_NAME = "$(TARGET_NAME)";
				SWIFT_VERSION = 5.0;
				TARGETED_DEVICE_FAMILY = "1,2";
			};
			name = Debug;
		};
		6AF2680C2561E7B700170171 /* Release */ = {
			isa = XCBuildConfiguration;
			buildSettings = {
				ASSETCATALOG_COMPILER_APPICON_NAME = AppIcon;
				ASSETCATALOG_COMPILER_GLOBAL_ACCENT_COLOR_NAME = AccentColor;
				CODE_SIGN_STYLE = Automatic;
				DEVELOPMENT_ASSET_PATHS = "\"SwiftUITest/Preview Content\"";
				DEVELOPMENT_TEAM = CVH85UHVWD;
				ENABLE_PREVIEWS = YES;
				INFOPLIST_FILE = SwiftUITest/Info.plist;
				LD_RUNPATH_SEARCH_PATHS = (
					"$(inherited)",
					"@executable_path/Frameworks",
				);
				PRODUCT_BUNDLE_IDENTIFIER = georgi.malkhasyan.HealthyPost.SwiftUITest;
				PRODUCT_NAME = "$(TARGET_NAME)";
				SWIFT_VERSION = 5.0;
				TARGETED_DEVICE_FAMILY = "1,2";
			};
			name = Release;
		};
/* End XCBuildConfiguration section */

/* Begin XCConfigurationList section */
		6AF267EE2561E7B400170171 /* Build configuration list for PBXProject "SwiftUITest" */ = {
			isa = XCConfigurationList;
			buildConfigurations = (
				6AF268082561E7B700170171 /* Debug */,
				6AF268092561E7B700170171 /* Release */,
			);
			defaultConfigurationIsVisible = 0;
			defaultConfigurationName = Release;
		};
		6AF2680A2561E7B700170171 /* Build configuration list for PBXNativeTarget "SwiftUITest" */ = {
			isa = XCConfigurationList;
			buildConfigurations = (
				6AF2680B2561E7B700170171 /* Debug */,
				6AF2680C2561E7B700170171 /* Release */,
			);
			defaultConfigurationIsVisible = 0;
			defaultConfigurationName = Release;
		};
/* End XCConfigurationList section */

/* Begin XCVersionGroup section */
		6AF267FC2561E7B500170171 /* SwiftUITest.xcdatamodeld */ = {
			isa = XCVersionGroup;
			children = (
				6AF267FD2561E7B500170171 /* SwiftUITest.xcdatamodel */,
			);
			currentVersion = 6AF267FD2561E7B500170171 /* SwiftUITest.xcdatamodel */;
			path = SwiftUITest.xcdatamodeld;
			sourceTree = "<group>";
			versionGroupType = wrapper.xcdatamodel;
		};
/* End XCVersionGroup section */
	};
	rootObject = 6AF267EB2561E7B400170171 /* Project object */;
}
